
Microsoft Visual Studio Solution File, Format Version 12.00
# Visual Studio 15
VisualStudioVersion = 15.0.27428.2002
MinimumVisualStudioVersion = 10.0.40219.1
Project("{FAE04EC0-301F-11D3-BF4B-00C04F79EFBC}") = "Phoneword.Android", "Phoneword\Phoneword.Android\Phoneword.Android.csproj", "{91EFACCF-0DEB-40F3-AA30-15B010D6689B}"
EndProject
Project("{FAE04EC0-301F-11D3-BF4B-00C04F79EFBC}") = "Phoneword.iOS", "Phoneword\Phoneword.iOS\Phoneword.iOS.csproj", "{22736495-FF43-4876-892E-BC9B35B7F5B3}"
EndProject
Project("{FAE04EC0-301F-11D3-BF4B-00C04F79EFBC}") = "Phoneword.UWP", "Phoneword\Phoneword.UWP\Phoneword.UWP.csproj", "{1CE52B42-468D-4AB1-9F53-66387BB00F87}"
EndProject
Project("{FAE04EC0-301F-11D3-BF4B-00C04F79EFBC}") = "Phoneword", "Phoneword\Phoneword\Phoneword.csproj", "{81065EF5-3C86-4BBE-ACED-2260ECCBFBCA}"
EndProject
Global
	GlobalSection(SolutionConfigurationPlatforms) = preSolution
		Ad-Hoc|Any CPU = Ad-Hoc|Any CPU
		Ad-Hoc|ARM = Ad-Hoc|ARM
		Ad-Hoc|iPhone = Ad-Hoc|iPhone
		Ad-Hoc|iPhoneSimulator = Ad-Hoc|iPhoneSimulator
		Ad-Hoc|x64 = Ad-Hoc|x64
		Ad-Hoc|x86 = Ad-Hoc|x86
		AppStore|Any CPU = AppStore|Any CPU
		AppStore|ARM = AppStore|ARM
		AppStore|iPhone = AppStore|iPhone
		AppStore|iPhoneSimulator = AppStore|iPhoneSimulator
		AppStore|x64 = AppStore|x64
		AppStore|x86 = AppStore|x86
		Debug|Any CPU = Debug|Any CPU
		Debug|ARM = Debug|ARM
		Debug|iPhone = Debug|iPhone
		Debug|iPhoneSimulator = Debug|iPhoneSimulator
		Debug|x64 = Debug|x64
		Debug|x86 = Debug|x86
		Release|Any CPU = Release|Any CPU
		Release|ARM = Release|ARM
		Release|iPhone = Release|iPhone
		Release|iPhoneSimulator = Release|iPhoneSimulator
		Release|x64 = Release|x64
		Release|x86 = Release|x86
	EndGlobalSection
	GlobalSection(ProjectConfigurationPlatforms) = postSolution
		{91EFACCF-0DEB-40F3-AA30-15B010D6689B}.Ad-Hoc|Any CPU.ActiveCfg = Release|Any CPU
		{91EFACCF-0DEB-40F3-AA30-15B010D6689B}.Ad-Hoc|Any CPU.Build.0 = Release|Any CPU
		{91EFACCF-0DEB-40F3-AA30-15B010D6689B}.Ad-Hoc|Any CPU.Deploy.0 = Release|Any CPU
		{91EFACCF-0DEB-40F3-AA30-15B010D6689B}.Ad-Hoc|ARM.ActiveCfg = Release|Any CPU
		{91EFACCF-0DEB-40F3-AA30-15B010D6689B}.Ad-Hoc|ARM.Build.0 = Release|Any CPU
		{91EFACCF-0DEB-40F3-AA30-15B010D6689B}.Ad-Hoc|ARM.Deploy.0 = Release|Any CPU
		{91EFACCF-0DEB-40F3-AA30-15B010D6689B}.Ad-Hoc|iPhone.ActiveCfg = Release|Any CPU
		{91EFACCF-0DEB-40F3-AA30-15B010D6689B}.Ad-Hoc|iPhone.Build.0 = Release|Any CPU
		{91EFACCF-0DEB-40F3-AA30-15B010D6689B}.Ad-Hoc|iPhone.Deploy.0 = Release|Any CPU
		{91EFACCF-0DEB-40F3-AA30-15B010D6689B}.Ad-Hoc|iPhoneSimulator.ActiveCfg = Release|Any CPU
		{91EFACCF-0DEB-40F3-AA30-15B010D6689B}.Ad-Hoc|iPhoneSimulator.Build.0 = Release|Any CPU
		{91EFACCF-0DEB-40F3-AA30-15B010D6689B}.Ad-Hoc|iPhoneSimulator.Deploy.0 = Release|Any CPU
		{91EFACCF-0DEB-40F3-AA30-15B010D6689B}.Ad-Hoc|x64.ActiveCfg = Release|Any CPU
		{91EFACCF-0DEB-40F3-AA30-15B010D6689B}.Ad-Hoc|x64.Build.0 = Release|Any CPU
		{91EFACCF-0DEB-40F3-AA30-15B010D6689B}.Ad-Hoc|x64.Deploy.0 = Release|Any CPU
		{91EFACCF-0DEB-40F3-AA30-15B010D6689B}.Ad-Hoc|x86.ActiveCfg = Release|Any CPU
		{91EFACCF-0DEB-40F3-AA30-15B010D6689B}.Ad-Hoc|x86.Build.0 = Release|Any CPU
		{91EFACCF-0DEB-40F3-AA30-15B010D6689B}.Ad-Hoc|x86.Deploy.0 = Release|Any CPU
		{91EFACCF-0DEB-40F3-AA30-15B010D6689B}.AppStore|Any CPU.ActiveCfg = Release|Any CPU
		{91EFACCF-0DEB-40F3-AA30-15B010D6689B}.AppStore|Any CPU.Build.0 = Release|Any CPU
		{91EFACCF-0DEB-40F3-AA30-15B010D6689B}.AppStore|Any CPU.Deploy.0 = Release|Any CPU
		{91EFACCF-0DEB-40F3-AA30-15B010D6689B}.AppStore|ARM.ActiveCfg = Release|Any CPU
		{91EFACCF-0DEB-40F3-AA30-15B010D6689B}.AppStore|ARM.Build.0 = Release|Any CPU
		{91EFACCF-0DEB-40F3-AA30-15B010D6689B}.AppStore|ARM.Deploy.0 = Release|Any CPU
		{91EFACCF-0DEB-40F3-AA30-15B010D6689B}.AppStore|iPhone.ActiveCfg = Release|Any CPU
		{91EFACCF-0DEB-40F3-AA30-15B010D6689B}.AppStore|iPhone.Build.0 = Release|Any CPU
		{91EFACCF-0DEB-40F3-AA30-15B010D6689B}.AppStore|iPhone.Deploy.0 = Release|Any CPU
		{91EFACCF-0DEB-40F3-AA30-15B010D6689B}.AppStore|iPhoneSimulator.ActiveCfg = Release|Any CPU
		{91EFACCF-0DEB-40F3-AA30-15B010D6689B}.AppStore|iPhoneSimulator.Build.0 = Release|Any CPU
		{91EFACCF-0DEB-40F3-AA30-15B010D6689B}.AppStore|iPhoneSimulator.Deploy.0 = Release|Any CPU
		{91EFACCF-0DEB-40F3-AA30-15B010D6689B}.AppStore|x64.ActiveCfg = Release|Any CPU
		{91EFACCF-0DEB-40F3-AA30-15B010D6689B}.AppStore|x64.Build.0 = Release|Any CPU
		{91EFACCF-0DEB-40F3-AA30-15B010D6689B}.AppStore|x64.Deploy.0 = Release|Any CPU
		{91EFACCF-0DEB-40F3-AA30-15B010D6689B}.AppStore|x86.ActiveCfg = Release|Any CPU
		{91EFACCF-0DEB-40F3-AA30-15B010D6689B}.AppStore|x86.Build.0 = Release|Any CPU
		{91EFACCF-0DEB-40F3-AA30-15B010D6689B}.AppStore|x86.Deploy.0 = Release|Any CPU
		{91EFACCF-0DEB-40F3-AA30-15B010D6689B}.Debug|Any CPU.ActiveCfg = Debug|Any CPU
		{91EFACCF-0DEB-40F3-AA30-15B010D6689B}.Debug|Any CPU.Build.0 = Debug|Any CPU
		{91EFACCF-0DEB-40F3-AA30-15B010D6689B}.Debug|Any CPU.Deploy.0 = Debug|Any CPU
		{91EFACCF-0DEB-40F3-AA30-15B010D6689B}.Debug|ARM.ActiveCfg = Debug|Any CPU
		{91EFACCF-0DEB-40F3-AA30-15B010D6689B}.Debug|ARM.Build.0 = Debug|Any CPU
		{91EFACCF-0DEB-40F3-AA30-15B010D6689B}.Debug|ARM.Deploy.0 = Debug|Any CPU
		{91EFACCF-0DEB-40F3-AA30-15B010D6689B}.Debug|iPhone.ActiveCfg = Debug|Any CPU
		{91EFACCF-0DEB-40F3-AA30-15B010D6689B}.Debug|iPhone.Build.0 = Debug|Any CPU
		{91EFACCF-0DEB-40F3-AA30-15B010D6689B}.Debug|iPhone.Deploy.0 = Debug|Any CPU
		{91EFACCF-0DEB-40F3-AA30-15B010D6689B}.Debug|iPhoneSimulator.ActiveCfg = Debug|Any CPU
		{91EFACCF-0DEB-40F3-AA30-15B010D6689B}.Debug|iPhoneSimulator.Build.0 = Debug|Any CPU
		{91EFACCF-0DEB-40F3-AA30-15B010D6689B}.Debug|iPhoneSimulator.Deploy.0 = Debug|Any CPU
		{91EFACCF-0DEB-40F3-AA30-15B010D6689B}.Debug|x64.ActiveCfg = Debug|Any CPU
		{91EFACCF-0DEB-40F3-AA30-15B010D6689B}.Debug|x64.Build.0 = Debug|Any CPU
		{91EFACCF-0DEB-40F3-AA30-15B010D6689B}.Debug|x64.Deploy.0 = Debug|Any CPU
		{91EFACCF-0DEB-40F3-AA30-15B010D6689B}.Debug|x86.ActiveCfg = Debug|Any CPU
		{91EFACCF-0DEB-40F3-AA30-15B010D6689B}.Debug|x86.Build.0 = Debug|Any CPU
		{91EFACCF-0DEB-40F3-AA30-15B010D6689B}.Debug|x86.Deploy.0 = Debug|Any CPU
		{91EFACCF-0DEB-40F3-AA30-15B010D6689B}.Release|Any CPU.ActiveCfg = Release|Any CPU
		{91EFACCF-0DEB-40F3-AA30-15B010D6689B}.Release|Any CPU.Build.0 = Release|Any CPU
		{91EFACCF-0DEB-40F3-AA30-15B010D6689B}.Release|Any CPU.Deploy.0 = Release|Any CPU
		{91EFACCF-0DEB-40F3-AA30-15B010D6689B}.Release|ARM.ActiveCfg = Release|Any CPU
		{91EFACCF-0DEB-40F3-AA30-15B010D6689B}.Release|ARM.Build.0 = Release|Any CPU
		{91EFACCF-0DEB-40F3-AA30-15B010D6689B}.Release|ARM.Deploy.0 = Release|Any CPU
		{91EFACCF-0DEB-40F3-AA30-15B010D6689B}.Release|iPhone.ActiveCfg = Release|Any CPU
		{91EFACCF-0DEB-40F3-AA30-15B010D6689B}.Release|iPhone.Build.0 = Release|Any CPU
		{91EFACCF-0DEB-40F3-AA30-15B010D6689B}.Release|iPhone.Deploy.0 = Release|Any CPU
		{91EFACCF-0DEB-40F3-AA30-15B010D6689B}.Release|iPhoneSimulator.ActiveCfg = Release|Any CPU
		{91EFACCF-0DEB-40F3-AA30-15B010D6689B}.Release|iPhoneSimulator.Build.0 = Release|Any CPU
		{91EFACCF-0DEB-40F3-AA30-15B010D6689B}.Release|iPhoneSimulator.Deploy.0 = Release|Any CPU
		{91EFACCF-0DEB-40F3-AA30-15B010D6689B}.Release|x64.ActiveCfg = Release|Any CPU
		{91EFACCF-0DEB-40F3-AA30-15B010D6689B}.Release|x64.Build.0 = Release|Any CPU
		{91EFACCF-0DEB-40F3-AA30-15B010D6689B}.Release|x64.Deploy.0 = Release|Any CPU
		{91EFACCF-0DEB-40F3-AA30-15B010D6689B}.Release|x86.ActiveCfg = Release|Any CPU
		{91EFACCF-0DEB-40F3-AA30-15B010D6689B}.Release|x86.Build.0 = Release|Any CPU
		{91EFACCF-0DEB-40F3-AA30-15B010D6689B}.Release|x86.Deploy.0 = Release|Any CPU
		{22736495-FF43-4876-892E-BC9B35B7F5B3}.Ad-Hoc|Any CPU.ActiveCfg = Ad-Hoc|iPhone
		{22736495-FF43-4876-892E-BC9B35B7F5B3}.Ad-Hoc|ARM.ActiveCfg = Ad-Hoc|iPhone
		{22736495-FF43-4876-892E-BC9B35B7F5B3}.Ad-Hoc|iPhone.ActiveCfg = Ad-Hoc|iPhone
		{22736495-FF43-4876-892E-BC9B35B7F5B3}.Ad-Hoc|iPhone.Build.0 = Ad-Hoc|iPhone
		{22736495-FF43-4876-892E-BC9B35B7F5B3}.Ad-Hoc|iPhoneSimulator.ActiveCfg = Ad-Hoc|iPhoneSimulator
		{22736495-FF43-4876-892E-BC9B35B7F5B3}.Ad-Hoc|iPhoneSimulator.Build.0 = Ad-Hoc|iPhoneSimulator
		{22736495-FF43-4876-892E-BC9B35B7F5B3}.Ad-Hoc|x64.ActiveCfg = Ad-Hoc|iPhone
		{22736495-FF43-4876-892E-BC9B35B7F5B3}.Ad-Hoc|x86.ActiveCfg = Ad-Hoc|iPhone
		{22736495-FF43-4876-892E-BC9B35B7F5B3}.AppStore|Any CPU.ActiveCfg = AppStore|iPhone
		{22736495-FF43-4876-892E-BC9B35B7F5B3}.AppStore|ARM.ActiveCfg = AppStore|iPhone
		{22736495-FF43-4876-892E-BC9B35B7F5B3}.AppStore|iPhone.ActiveCfg = AppStore|iPhone
		{22736495-FF43-4876-892E-BC9B35B7F5B3}.AppStore|iPhone.Build.0 = AppStore|iPhone
		{22736495-FF43-4876-892E-BC9B35B7F5B3}.AppStore|iPhoneSimulator.ActiveCfg = AppStore|iPhoneSimulator
		{22736495-FF43-4876-892E-BC9B35B7F5B3}.AppStore|iPhoneSimulator.Build.0 = AppStore|iPhoneSimulator
		{22736495-FF43-4876-892E-BC9B35B7F5B3}.AppStore|x64.ActiveCfg = AppStore|iPhone
		{22736495-FF43-4876-892E-BC9B35B7F5B3}.AppStore|x86.ActiveCfg = AppStore|iPhone
		{22736495-FF43-4876-892E-BC9B35B7F5B3}.Debug|Any CPU.ActiveCfg = Debug|iPhone
		{22736495-FF43-4876-892E-BC9B35B7F5B3}.Debug|ARM.ActiveCfg = Debug|iPhone
		{22736495-FF43-4876-892E-BC9B35B7F5B3}.Debug|iPhone.ActiveCfg = Debug|iPhone
		{22736495-FF43-4876-892E-BC9B35B7F5B3}.Debug|iPhone.Build.0 = Debug|iPhone
		{22736495-FF43-4876-892E-BC9B35B7F5B3}.Debug|iPhoneSimulator.ActiveCfg = Debug|iPhoneSimulator
		{22736495-FF43-4876-892E-BC9B35B7F5B3}.Debug|iPhoneSimulator.Build.0 = Debug|iPhoneSimulator
		{22736495-FF43-4876-892E-BC9B35B7F5B3}.Debug|x64.ActiveCfg = Debug|iPhone
		{22736495-FF43-4876-892E-BC9B35B7F5B3}.Debug|x86.ActiveCfg = Debug|iPhone
		{22736495-FF43-4876-892E-BC9B35B7F5B3}.Release|Any CPU.ActiveCfg = Release|iPhone
		{22736495-FF43-4876-892E-BC9B35B7F5B3}.Release|ARM.ActiveCfg = Release|iPhone
		{22736495-FF43-4876-892E-BC9B35B7F5B3}.Release|iPhone.ActiveCfg = Release|iPhone
		{22736495-FF43-4876-892E-BC9B35B7F5B3}.Release|iPhone.Build.0 = Release|iPhone
		{22736495-FF43-4876-892E-BC9B35B7F5B3}.Release|iPhoneSimulator.ActiveCfg = Release|iPhoneSimulator
		{22736495-FF43-4876-892E-BC9B35B7F5B3}.Release|iPhoneSimulator.Build.0 = Release|iPhoneSimulator
		{22736495-FF43-4876-892E-BC9B35B7F5B3}.Release|x64.ActiveCfg = Release|iPhone
		{22736495-FF43-4876-892E-BC9B35B7F5B3}.Release|x86.ActiveCfg = Release|iPhone
		{1CE52B42-468D-4AB1-9F53-66387BB00F87}.Ad-Hoc|Any CPU.ActiveCfg = Release|x86
		{1CE52B42-468D-4AB1-9F53-66387BB00F87}.Ad-Hoc|Any CPU.Build.0 = Release|x86
		{1CE52B42-468D-4AB1-9F53-66387BB00F87}.Ad-Hoc|Any CPU.Deploy.0 = Release|x86
		{1CE52B42-468D-4AB1-9F53-66387BB00F87}.Ad-Hoc|ARM.ActiveCfg = Release|ARM
		{1CE52B42-468D-4AB1-9F53-66387BB00F87}.Ad-Hoc|ARM.Build.0 = Release|ARM
		{1CE52B42-468D-4AB1-9F53-66387BB00F87}.Ad-Hoc|ARM.Deploy.0 = Release|ARM
		{1CE52B42-468D-4AB1-9F53-66387BB00F87}.Ad-Hoc|iPhone.ActiveCfg = Release|x86
		{1CE52B42-468D-4AB1-9F53-66387BB00F87}.Ad-Hoc|iPhone.Build.0 = Release|x86
		{1CE52B42-468D-4AB1-9F53-66387BB00F87}.Ad-Hoc|iPhone.Deploy.0 = Release|x86
		{1CE52B42-468D-4AB1-9F53-66387BB00F87}.Ad-Hoc|iPhoneSimulator.ActiveCfg = Release|x86
		{1CE52B42-468D-4AB1-9F53-66387BB00F87}.Ad-Hoc|iPhoneSimulator.Build.0 = Release|x86
		{1CE52B42-468D-4AB1-9F53-66387BB00F87}.Ad-Hoc|iPhoneSimulator.Deploy.0 = Release|x86
		{1CE52B42-468D-4AB1-9F53-66387BB00F87}.Ad-Hoc|x64.ActiveCfg = Release|x64
		{1CE52B42-468D-4AB1-9F53-66387BB00F87}.Ad-Hoc|x64.Build.0 = Release|x64
		{1CE52B42-468D-4AB1-9F53-66387BB00F87}.Ad-Hoc|x64.Deploy.0 = Release|x64
		{1CE52B42-468D-4AB1-9F53-66387BB00F87}.Ad-Hoc|x86.ActiveCfg = Release|x86
		{1CE52B42-468D-4AB1-9F53-66387BB00F87}.Ad-Hoc|x86.Build.0 = Release|x86
		{1CE52B42-468D-4AB1-9F53-66387BB00F87}.Ad-Hoc|x86.Deploy.0 = Release|x86
		{1CE52B42-468D-4AB1-9F53-66387BB00F87}.AppStore|Any CPU.ActiveCfg = Release|x86
		{1CE52B42-468D-4AB1-9F53-66387BB00F87}.AppStore|Any CPU.Build.0 = Release|x86
		{1CE52B42-468D-4AB1-9F53-66387BB00F87}.AppStore|Any CPU.Deploy.0 = Release|x86
		{1CE52B42-468D-4AB1-9F53-66387BB00F87}.AppStore|ARM.ActiveCfg = Release|ARM
		{1CE52B42-468D-4AB1-9F53-66387BB00F87}.AppStore|ARM.Build.0 = Release|ARM
		{1CE52B42-468D-4AB1-9F53-66387BB00F87}.AppStore|ARM.Deploy.0 = Release|ARM
		{1CE52B42-468D-4AB1-9F53-66387BB00F87}.AppStore|iPhone.ActiveCfg = Release|x86
		{1CE52B42-468D-4AB1-9F53-66387BB00F87}.AppStore|iPhone.Build.0 = Release|x86
		{1CE52B42-468D-4AB1-9F53-66387BB00F87}.AppStore|iPhone.Deploy.0 = Release|x86
		{1CE52B42-468D-4AB1-9F53-66387BB00F87}.AppStore|iPhoneSimulator.ActiveCfg = Release|x86
		{1CE52B42-468D-4AB1-9F53-66387BB00F87}.AppStore|iPhoneSimulator.Build.0 = Release|x86
		{1CE52B42-468D-4AB1-9F53-66387BB00F87}.AppStore|iPhoneSimulator.Deploy.0 = Release|x86
		{1CE52B42-468D-4AB1-9F53-66387BB00F87}.AppStore|x64.ActiveCfg = Release|x64
		{1CE52B42-468D-4AB1-9F53-66387BB00F87}.AppStore|x64.Build.0 = Release|x64
		{1CE52B42-468D-4AB1-9F53-66387BB00F87}.AppStore|x64.Deploy.0 = Release|x64
		{1CE52B42-468D-4AB1-9F53-66387BB00F87}.AppStore|x86.ActiveCfg = Release|x86
		{1CE52B42-468D-4AB1-9F53-66387BB00F87}.AppStore|x86.Build.0 = Release|x86
		{1CE52B42-468D-4AB1-9F53-66387BB00F87}.AppStore|x86.Deploy.0 = Release|x86
		{1CE52B42-468D-4AB1-9F53-66387BB00F87}.Debug|Any CPU.ActiveCfg = Debug|x86
		{1CE52B42-468D-4AB1-9F53-66387BB00F87}.Debug|ARM.ActiveCfg = Debug|ARM
		{1CE52B42-468D-4AB1-9F53-66387BB00F87}.Debug|ARM.Build.0 = Debug|ARM
		{1CE52B42-468D-4AB1-9F53-66387BB00F87}.Debug|ARM.Deploy.0 = Debug|ARM
		{1CE52B42-468D-4AB1-9F53-66387BB00F87}.Debug|iPhone.ActiveCfg = Debug|x86
		{1CE52B42-468D-4AB1-9F53-66387BB00F87}.Debug|iPhoneSimulator.ActiveCfg = Debug|x86
		{1CE52B42-468D-4AB1-9F53-66387BB00F87}.Debug|x64.ActiveCfg = Debug|x64
		{1CE52B42-468D-4AB1-9F53-66387BB00F87}.Debug|x64.Build.0 = Debug|x64
		{1CE52B42-468D-4AB1-9F53-66387BB00F87}.Debug|x64.Deploy.0 = Debug|x64
		{1CE52B42-468D-4AB1-9F53-66387BB00F87}.Debug|x86.ActiveCfg = Debug|x86
		{1CE52B42-468D-4AB1-9F53-66387BB00F87}.Debug|x86.Build.0 = Debug|x86
		{1CE52B42-468D-4AB1-9F53-66387BB00F87}.Debug|x86.Deploy.0 = Debug|x86
		{1CE52B42-468D-4AB1-9F53-66387BB00F87}.Release|Any CPU.ActiveCfg = Release|x86
		{1CE52B42-468D-4AB1-9F53-66387BB00F87}.Release|ARM.ActiveCfg = Release|ARM
		{1CE52B42-468D-4AB1-9F53-66387BB00F87}.Release|ARM.Build.0 = Release|ARM
		{1CE52B42-468D-4AB1-9F53-66387BB00F87}.Release|ARM.Deploy.0 = Release|ARM
		{1CE52B42-468D-4AB1-9F53-66387BB00F87}.Release|iPhone.ActiveCfg = Release|x86
		{1CE52B42-468D-4AB1-9F53-66387BB00F87}.Release|iPhoneSimulator.ActiveCfg = Release|x86
		{1CE52B42-468D-4AB1-9F53-66387BB00F87}.Release|x64.ActiveCfg = Release|x64
		{1CE52B42-468D-4AB1-9F53-66387BB00F87}.Release|x64.Build.0 = Release|x64
		{1CE52B42-468D-4AB1-9F53-66387BB00F87}.Release|x64.Deploy.0 = Release|x64
		{1CE52B42-468D-4AB1-9F53-66387BB00F87}.Release|x86.ActiveCfg = Release|x86
		{1CE52B42-468D-4AB1-9F53-66387BB00F87}.Release|x86.Build.0 = Release|x86
		{1CE52B42-468D-4AB1-9F53-66387BB00F87}.Release|x86.Deploy.0 = Release|x86
		{81065EF5-3C86-4BBE-ACED-2260ECCBFBCA}.Ad-Hoc|Any CPU.ActiveCfg = Debug|Any CPU
		{81065EF5-3C86-4BBE-ACED-2260ECCBFBCA}.Ad-Hoc|Any CPU.Build.0 = Debug|Any CPU
		{81065EF5-3C86-4BBE-ACED-2260ECCBFBCA}.Ad-Hoc|ARM.ActiveCfg = Debug|Any CPU
		{81065EF5-3C86-4BBE-ACED-2260ECCBFBCA}.Ad-Hoc|ARM.Build.0 = Debug|Any CPU
		{81065EF5-3C86-4BBE-ACED-2260ECCBFBCA}.Ad-Hoc|iPhone.ActiveCfg = Debug|Any CPU
		{81065EF5-3C86-4BBE-ACED-2260ECCBFBCA}.Ad-Hoc|iPhone.Build.0 = Debug|Any CPU
		{81065EF5-3C86-4BBE-ACED-2260ECCBFBCA}.Ad-Hoc|iPhoneSimulator.ActiveCfg = Debug|Any CPU
		{81065EF5-3C86-4BBE-ACED-2260ECCBFBCA}.Ad-Hoc|iPhoneSimulator.Build.0 = Debug|Any CPU
		{81065EF5-3C86-4BBE-ACED-2260ECCBFBCA}.Ad-Hoc|x64.ActiveCfg = Debug|Any CPU
		{81065EF5-3C86-4BBE-ACED-2260ECCBFBCA}.Ad-Hoc|x64.Build.0 = Debug|Any CPU
		{81065EF5-3C86-4BBE-ACED-2260ECCBFBCA}.Ad-Hoc|x86.ActiveCfg = Debug|Any CPU
		{81065EF5-3C86-4BBE-ACED-2260ECCBFBCA}.Ad-Hoc|x86.Build.0 = Debug|Any CPU
		{81065EF5-3C86-4BBE-ACED-2260ECCBFBCA}.AppStore|Any CPU.ActiveCfg = Debug|Any CPU
		{81065EF5-3C86-4BBE-ACED-2260ECCBFBCA}.AppStore|Any CPU.Build.0 = Debug|Any CPU
		{81065EF5-3C86-4BBE-ACED-2260ECCBFBCA}.AppStore|ARM.ActiveCfg = Debug|Any CPU
		{81065EF5-3C86-4BBE-ACED-2260ECCBFBCA}.AppStore|ARM.Build.0 = Debug|Any CPU
		{81065EF5-3C86-4BBE-ACED-2260ECCBFBCA}.AppStore|iPhone.ActiveCfg = Debug|Any CPU
		{81065EF5-3C86-4BBE-ACED-2260ECCBFBCA}.AppStore|iPhone.Build.0 = Debug|Any CPU
		{81065EF5-3C86-4BBE-ACED-2260ECCBFBCA}.AppStore|iPhoneSimulator.ActiveCfg = Debug|Any CPU
		{81065EF5-3C86-4BBE-ACED-2260ECCBFBCA}.AppStore|iPhoneSimulator.Build.0 = Debug|Any CPU
		{81065EF5-3C86-4BBE-ACED-2260ECCBFBCA}.AppStore|x64.ActiveCfg = Debug|Any CPU
		{81065EF5-3C86-4BBE-ACED-2260ECCBFBCA}.AppStore|x64.Build.0 = Debug|Any CPU
		{81065EF5-3C86-4BBE-ACED-2260ECCBFBCA}.AppStore|x86.ActiveCfg = Debug|Any CPU
		{81065EF5-3C86-4BBE-ACED-2260ECCBFBCA}.AppStore|x86.Build.0 = Debug|Any CPU
		{81065EF5-3C86-4BBE-ACED-2260ECCBFBCA}.Debug|Any CPU.ActiveCfg = Debug|Any CPU
		{81065EF5-3C86-4BBE-ACED-2260ECCBFBCA}.Debug|Any CPU.Build.0 = Debug|Any CPU
		{81065EF5-3C86-4BBE-ACED-2260ECCBFBCA}.Debug|ARM.ActiveCfg = Debug|Any CPU
		{81065EF5-3C86-4BBE-ACED-2260ECCBFBCA}.Debug|ARM.Build.0 = Debug|Any CPU
		{81065EF5-3C86-4BBE-ACED-2260ECCBFBCA}.Debug|iPhone.ActiveCfg = Debug|Any CPU
		{81065EF5-3C86-4BBE-ACED-2260ECCBFBCA}.Debug|iPhone.Build.0 = Debug|Any CPU
		{81065EF5-3C86-4BBE-ACED-2260ECCBFBCA}.Debug|iPhoneSimulator.ActiveCfg = Debug|Any CPU
		{81065EF5-3C86-4BBE-ACED-2260ECCBFBCA}.Debug|iPhoneSimulator.Build.0 = Debug|Any CPU
		{81065EF5-3C86-4BBE-ACED-2260ECCBFBCA}.Debug|x64.ActiveCfg = Debug|Any CPU
		{81065EF5-3C86-4BBE-ACED-2260ECCBFBCA}.Debug|x64.Build.0 = Debug|Any CPU
		{81065EF5-3C86-4BBE-ACED-2260ECCBFBCA}.Debug|x86.ActiveCfg = Debug|Any CPU
		{81065EF5-3C86-4BBE-ACED-2260ECCBFBCA}.Debug|x86.Build.0 = Debug|Any CPU
		{81065EF5-3C86-4BBE-ACED-2260ECCBFBCA}.Release|Any CPU.ActiveCfg = Release|Any CPU
		{81065EF5-3C86-4BBE-ACED-2260ECCBFBCA}.Release|Any CPU.Build.0 = Release|Any CPU
		{81065EF5-3C86-4BBE-ACED-2260ECCBFBCA}.Release|ARM.ActiveCfg = Release|Any CPU
		{81065EF5-3C86-4BBE-ACED-2260ECCBFBCA}.Release|ARM.Build.0 = Release|Any CPU
		{81065EF5-3C86-4BBE-ACED-2260ECCBFBCA}.Release|iPhone.ActiveCfg = Release|Any CPU
		{81065EF5-3C86-4BBE-ACED-2260ECCBFBCA}.Release|iPhone.Build.0 = Release|Any CPU
		{81065EF5-3C86-4BBE-ACED-2260ECCBFBCA}.Release|iPhoneSimulator.ActiveCfg = Release|Any CPU
		{81065EF5-3C86-4BBE-ACED-2260ECCBFBCA}.Release|iPhoneSimulator.Build.0 = Release|Any CPU
		{81065EF5-3C86-4BBE-ACED-2260ECCBFBCA}.Release|x64.ActiveCfg = Release|Any CPU
		{81065EF5-3C86-4BBE-ACED-2260ECCBFBCA}.Release|x64.Build.0 = Release|Any CPU
		{81065EF5-3C86-4BBE-ACED-2260ECCBFBCA}.Release|x86.ActiveCfg = Release|Any CPU
		{81065EF5-3C86-4BBE-ACED-2260ECCBFBCA}.Release|x86.Build.0 = Release|Any CPU
	EndGlobalSection
	GlobalSection(SolutionProperties) = preSolution
		HideSolutionNode = FALSE
	EndGlobalSection
	GlobalSection(ExtensibilityGlobals) = postSolution
		SolutionGuid = {5D040D1F-2669-412F-901E-BF17810E1166}
	EndGlobalSection
EndGlobal
